
Microsoft Visual Studio Solution File, Format Version 12.00
# Visual Studio Version 16
VisualStudioVersion = 16.0.31112.23
MinimumVisualStudioVersion = 10.0.40219.1
Project("{FAE04EC0-301F-11D3-BF4B-00C04F79EFBC}") = "Uncategorized", "Uncategorized\Uncategorized.csproj", "{B8FE7F71-0030-4164-874C-7F7B4A6F8270}"
EndProject
Project("{FAE04EC0-301F-11D3-BF4B-00C04F79EFBC}") = "UnitTests", "UnitTests\UnitTests.csproj", "{B811A275-12F0-414D-9BB8-BEB9DD466212}"
EndProject
Global
	GlobalSection(SolutionConfigurationPlatforms) = preSolution
		Debug|Any CPU = Debug|Any CPU
		Release|Any CPU = Release|Any CPU
	EndGlobalSection
	GlobalSection(ProjectConfigurationPlatforms) = postSolution
		{B8FE7F71-0030-4164-874C-7F7B4A6F8270}.Debug|Any CPU.ActiveCfg = Debug|Any CPU
		{B8FE7F71-0030-4164-874C-7F7B4A6F8270}.Debug|Any CPU.Build.0 = Debug|Any CPU
		{B8FE7F71-0030-4164-874C-7F7B4A6F8270}.Release|Any CPU.ActiveCfg = Release|Any CPU
		{B8FE7F71-0030-4164-874C-7F7B4A6F8270}.Release|Any CPU.Build.0 = Release|Any CPU
		{B811A275-12F0-414D-9BB8-BEB9DD466212}.Debug|Any CPU.ActiveCfg = Debug|Any CPU
		{B811A275-12F0-414D-9BB8-BEB9DD466212}.Debug|Any CPU.Build.0 = Debug|Any CPU
		{B811A275-12F0-414D-9BB8-BEB9DD466212}.Release|Any CPU.ActiveCfg = Release|Any CPU
		{B811A275-12F0-414D-9BB8-BEB9DD466212}.Release|Any CPU.Build.0 = Release|Any CPU
	EndGlobalSection
	GlobalSection(SolutionProperties) = preSolution
		HideSolutionNode = FALSE
	EndGlobalSection
	GlobalSection(ExtensibilityGlobals) = postSolution
		SolutionGuid = {DE2E2D11-4673-4092-9CC0-5117319D4546}
	EndGlobalSection
EndGlobal
